
Microsoft Visual Studio Solution File, Format Version 12.00
# Visual Studio Version 17
VisualStudioVersion = 17.3.32825.248
MinimumVisualStudioVersion = 10.0.40219.1
Project("{FAE04EC0-301F-11D3-BF4B-00C04F79EFBC}") = "WpfApp3", "WpfApp3.csproj", "{73321A19-B5F9-4EE5-BABD-E046C694218A}"
EndProject
Global
	GlobalSection(SolutionConfigurationPlatforms) = preSolution
		Debug|Any CPU = Debug|Any CPU
		Release|Any CPU = Release|Any CPU
	EndGlobalSection
	GlobalSection(ProjectConfigurationPlatforms) = postSolution
		{73321A19-B5F9-4EE5-BABD-E046C694218A}.Debug|Any CPU.ActiveCfg = Debug|Any CPU
		{73321A19-B5F9-4EE5-BABD-E046C694218A}.Debug|Any CPU.Build.0 = Debug|Any CPU
		{73321A19-B5F9-4EE5-BABD-E046C694218A}.Release|Any CPU.ActiveCfg = Release|Any CPU
		{73321A19-B5F9-4EE5-BABD-E046C694218A}.Release|Any CPU.Build.0 = Release|Any CPU
	EndGlobalSection
	GlobalSection(SolutionProperties) = preSolution
		HideSolutionNode = FALSE
	EndGlobalSection
	GlobalSection(ExtensibilityGlobals) = postSolution
		SolutionGuid = {861642E3-EB45-47E4-B613-1E531B22038C}
	EndGlobalSection
EndGlobal
